// !$*UTF8*$!
{
	archiveVersion = 1;
	classes = {
	};
	objectVersion = 56;
	objects = {

/* Begin PBXBuildFile section */
		4A1234560001 /* RsyncApp.swift in Sources */ = {isa = PBXBuildFile; fileRef = 4A1234550001 /* RsyncApp.swift */; };
		4A1234560002 /* MenuBarView.swift in Sources */ = {isa = PBXBuildFile; fileRef = 4A1234550002 /* MenuBarView.swift */; };
		4A1234560003 /* SettingsView.swift in Sources */ = {isa = PBXBuildFile; fileRef = 4A1234550003 /* SettingsView.swift */; };
		4A1234560004 /* SyncManager.swift in Sources */ = {isa = PBXBuildFile; fileRef = 4A1234550004 /* SyncManager.swift */; };
		4A1234560005 /* RcloneWrapper.swift in Sources */ = {isa = PBXBuildFile; fileRef = 4A1234550005 /* RcloneWrapper.swift */; };
		4A1234560006 /* SyncFolder.swift in Sources */ = {isa = PBXBuildFile; fileRef = 4A1234550006 /* SyncFolder.swift */; };
		4A1234560007 /* AppSettings.swift in Sources */ = {isa = PBXBuildFile; fileRef = 4A1234550007 /* AppSettings.swift */; };
		4A1234560008 /* ProcessRunner.swift in Sources */ = {isa = PBXBuildFile; fileRef = 4A1234550008 /* ProcessRunner.swift */; };
		4A1234560009 /* Assets.xcassets in Resources */ = {isa = PBXBuildFile; fileRef = 4A1234550009 /* Assets.xcassets */; };
		4A123456000A /* StorageProvider.swift in Sources */ = {isa = PBXBuildFile; fileRef = 4A123455000C /* StorageProvider.swift */; };
		4A123456000B /* FolderWatcher.swift in Sources */ = {isa = PBXBuildFile; fileRef = 4A123455000D /* FolderWatcher.swift */; };
		4A123456000C /* ConfigStore.swift in Sources */ = {isa = PBXBuildFile; fileRef = 4A123455000E /* ConfigStore.swift */; };
		4A123456000D /* LocalState.swift in Sources */ = {isa = PBXBuildFile; fileRef = 4A123455000F /* LocalState.swift */; };
		4A123456000E /* NetworkMonitor.swift in Sources */ = {isa = PBXBuildFile; fileRef = 4A1234550010 /* NetworkMonitor.swift */; };
		4A123456000F /* SettingsWindowManager.swift in Sources */ = {isa = PBXBuildFile; fileRef = 4A1234550011 /* SettingsWindowManager.swift */; };
		4A1234560010 /* LaunchAtLoginManager.swift in Sources */ = {isa = PBXBuildFile; fileRef = 4A1234550012 /* LaunchAtLoginManager.swift */; };
/* End PBXBuildFile section */

/* Begin PBXFileReference section */
		4A1234540001 /* rsync.app */ = {isa = PBXFileReference; explicitFileType = wrapper.application; includeInIndex = 0; path = rsync.app; sourceTree = BUILT_PRODUCTS_DIR; };
		4A1234550001 /* RsyncApp.swift */ = {isa = PBXFileReference; lastKnownFileType = sourcecode.swift; path = RsyncApp.swift; sourceTree = "<group>"; };
		4A1234550002 /* MenuBarView.swift */ = {isa = PBXFileReference; lastKnownFileType = sourcecode.swift; path = MenuBarView.swift; sourceTree = "<group>"; };
		4A1234550003 /* SettingsView.swift */ = {isa = PBXFileReference; lastKnownFileType = sourcecode.swift; path = SettingsView.swift; sourceTree = "<group>"; };
		4A1234550004 /* SyncManager.swift */ = {isa = PBXFileReference; lastKnownFileType = sourcecode.swift; path = SyncManager.swift; sourceTree = "<group>"; };
		4A1234550005 /* RcloneWrapper.swift */ = {isa = PBXFileReference; lastKnownFileType = sourcecode.swift; path = RcloneWrapper.swift; sourceTree = "<group>"; };
		4A1234550006 /* SyncFolder.swift */ = {isa = PBXFileReference; lastKnownFileType = sourcecode.swift; path = SyncFolder.swift; sourceTree = "<group>"; };
		4A1234550007 /* AppSettings.swift */ = {isa = PBXFileReference; lastKnownFileType = sourcecode.swift; path = AppSettings.swift; sourceTree = "<group>"; };
		4A1234550008 /* ProcessRunner.swift */ = {isa = PBXFileReference; lastKnownFileType = sourcecode.swift; path = ProcessRunner.swift; sourceTree = "<group>"; };
		4A1234550009 /* Assets.xcassets */ = {isa = PBXFileReference; lastKnownFileType = folder.assetcatalog; path = Assets.xcassets; sourceTree = "<group>"; };
		4A123455000A /* Info.plist */ = {isa = PBXFileReference; lastKnownFileType = text.plist.xml; path = Info.plist; sourceTree = "<group>"; };
		4A123455000B /* rsync.entitlements */ = {isa = PBXFileReference; lastKnownFileType = text.plist.entitlements; path = rsync.entitlements; sourceTree = "<group>"; };
		4A123455000C /* StorageProvider.swift */ = {isa = PBXFileReference; lastKnownFileType = sourcecode.swift; path = StorageProvider.swift; sourceTree = "<group>"; };
		4A123455000D /* FolderWatcher.swift */ = {isa = PBXFileReference; lastKnownFileType = sourcecode.swift; path = FolderWatcher.swift; sourceTree = "<group>"; };
		4A123455000E /* ConfigStore.swift */ = {isa = PBXFileReference; lastKnownFileType = sourcecode.swift; path = ConfigStore.swift; sourceTree = "<group>"; };
		4A123455000F /* LocalState.swift */ = {isa = PBXFileReference; lastKnownFileType = sourcecode.swift; path = LocalState.swift; sourceTree = "<group>"; };
		4A1234550010 /* NetworkMonitor.swift */ = {isa = PBXFileReference; lastKnownFileType = sourcecode.swift; path = NetworkMonitor.swift; sourceTree = "<group>"; };
		4A1234550011 /* SettingsWindowManager.swift */ = {isa = PBXFileReference; lastKnownFileType = sourcecode.swift; path = SettingsWindowManager.swift; sourceTree = "<group>"; };
		4A1234550012 /* LaunchAtLoginManager.swift */ = {isa = PBXFileReference; lastKnownFileType = sourcecode.swift; path = LaunchAtLoginManager.swift; sourceTree = "<group>"; };
/* End PBXFileReference section */

/* Begin PBXFrameworksBuildPhase section */
		4A1234530001 /* Frameworks */ = {
			isa = PBXFrameworksBuildPhase;
			buildActionMask = 2147483647;
			files = (
			);
			runOnlyForDeploymentPostprocessing = 0;
		};
/* End PBXFrameworksBuildPhase section */

/* Begin PBXGroup section */
		4A1234510001 = {
			isa = PBXGroup;
			children = (
				4A1234520001 /* rsync */,
				4A1234520002 /* Products */,
			);
			sourceTree = "<group>";
		};
		4A1234520001 /* rsync */ = {
			isa = PBXGroup;
			children = (
				4A1234550001 /* RsyncApp.swift */,
				4A1234520003 /* Views */,
				4A1234520004 /* Managers */,
				4A1234520005 /* Models */,
				4A1234520006 /* Utilities */,
				4A1234550009 /* Assets.xcassets */,
				4A123455000A /* Info.plist */,
				4A123455000B /* rsync.entitlements */,
			);
			path = rsync;
			sourceTree = "<group>";
		};
		4A1234520002 /* Products */ = {
			isa = PBXGroup;
			children = (
				4A1234540001 /* rsync.app */,
			);
			name = Products;
			sourceTree = "<group>";
		};
		4A1234520003 /* Views */ = {
			isa = PBXGroup;
			children = (
				4A1234550002 /* MenuBarView.swift */,
				4A1234550003 /* SettingsView.swift */,
			);
			path = Views;
			sourceTree = "<group>";
		};
		4A1234520004 /* Managers */ = {
			isa = PBXGroup;
			children = (
				4A1234550004 /* SyncManager.swift */,
				4A1234550005 /* RcloneWrapper.swift */,
			);
			path = Managers;
			sourceTree = "<group>";
		};
		4A1234520005 /* Models */ = {
			isa = PBXGroup;
			children = (
				4A1234550006 /* SyncFolder.swift */,
				4A1234550007 /* AppSettings.swift */,
				4A123455000C /* StorageProvider.swift */,
			);
			path = Models;
			sourceTree = "<group>";
		};
		4A1234520006 /* Utilities */ = {
			isa = PBXGroup;
			children = (
				4A1234550008 /* ProcessRunner.swift */,
				4A123455000D /* FolderWatcher.swift */,
				4A123455000E /* ConfigStore.swift */,
				4A123455000F /* LocalState.swift */,
				4A1234550010 /* NetworkMonitor.swift */,
				4A1234550011 /* SettingsWindowManager.swift */,
				4A1234550012 /* LaunchAtLoginManager.swift */,
			);
			path = Utilities;
			sourceTree = "<group>";
		};
/* End PBXGroup section */

/* Begin PBXNativeTarget section */
		4A1234530002 /* rsync */ = {
			isa = PBXNativeTarget;
			buildConfigurationList = 4A1234570001 /* Build configuration list for PBXNativeTarget "rsync" */;
			buildPhases = (
				4A1234530003 /* Sources */,
				4A1234530001 /* Frameworks */,
				4A1234530004 /* Resources */,
			);
			buildRules = (
			);
			dependencies = (
			);
			name = rsync;
			productName = rsync;
			productReference = 4A1234540001 /* rsync.app */;
			productType = "com.apple.product-type.application";
		};
/* End PBXNativeTarget section */

/* Begin PBXProject section */
		4A1234500001 /* Project object */ = {
			isa = PBXProject;
			attributes = {
				BuildIndependentTargetsInParallel = 1;
				LastSwiftUpdateCheck = 1500;
				LastUpgradeCheck = 2660;
				TargetAttributes = {
					4A1234530002 = {
						CreatedOnToolsVersion = 15.0;
					};
				};
			};
			buildConfigurationList = 4A1234570002 /* Build configuration list for PBXProject "rsync" */;
			compatibilityVersion = "Xcode 14.0";
			developmentRegion = en;
			hasScannedForEncodings = 0;
			knownRegions = (
				en,
				Base,
			);
			mainGroup = 4A1234510001;
			productRefGroup = 4A1234520002 /* Products */;
			projectDirPath = "";
			projectRoot = "";
			targets = (
				4A1234530002 /* rsync */,
			);
		};
/* End PBXProject section */

/* Begin PBXResourcesBuildPhase section */
		4A1234530004 /* Resources */ = {
			isa = PBXResourcesBuildPhase;
			buildActionMask = 2147483647;
			files = (
				4A1234560009 /* Assets.xcassets in Resources */,
			);
			runOnlyForDeploymentPostprocessing = 0;
		};
/* End PBXResourcesBuildPhase section */

/* Begin PBXSourcesBuildPhase section */
		4A1234530003 /* Sources */ = {
			isa = PBXSourcesBuildPhase;
			buildActionMask = 2147483647;
			files = (
				4A1234560001 /* RsyncApp.swift in Sources */,
				4A1234560002 /* MenuBarView.swift in Sources */,
				4A1234560003 /* SettingsView.swift in Sources */,
				4A1234560004 /* SyncManager.swift in Sources */,
				4A1234560005 /* RcloneWrapper.swift in Sources */,
				4A1234560006 /* SyncFolder.swift in Sources */,
				4A1234560007 /* AppSettings.swift in Sources */,
				4A1234560008 /* ProcessRunner.swift in Sources */,
				4A123456000A /* StorageProvider.swift in Sources */,
				4A123456000B /* FolderWatcher.swift in Sources */,
				4A123456000C /* ConfigStore.swift in Sources */,
				4A123456000D /* LocalState.swift in Sources */,
				4A123456000E /* NetworkMonitor.swift in Sources */,
				4A123456000F /* SettingsWindowManager.swift in Sources */,
				4A1234560010 /* LaunchAtLoginManager.swift in Sources */,
			);
			runOnlyForDeploymentPostprocessing = 0;
		};
/* End PBXSourcesBuildPhase section */

/* Begin XCBuildConfiguration section */
		4A1234580001 /* Debug */ = {
			isa = XCBuildConfiguration;
			buildSettings = {
				ALWAYS_SEARCH_USER_PATHS = NO;
				ASSETCATALOG_COMPILER_GENERATE_SWIFT_ASSET_SYMBOL_EXTENSIONS = YES;
				CLANG_ANALYZER_NONNULL = YES;
				CLANG_ANALYZER_NUMBER_OBJECT_CONVERSION = YES_AGGRESSIVE;
				CLANG_CXX_LANGUAGE_STANDARD = "gnu++20";
				CLANG_ENABLE_MODULES = YES;
				CLANG_ENABLE_OBJC_ARC = YES;
				CLANG_ENABLE_OBJC_WEAK = YES;
				CLANG_WARN_BLOCK_CAPTURE_AUTORELEASING = YES;
				CLANG_WARN_BOOL_CONVERSION = YES;
				CLANG_WARN_COMMA = YES;
				CLANG_WARN_CONSTANT_CONVERSION = YES;
				CLANG_WARN_DEPRECATED_OBJC_IMPLEMENTATIONS = YES;
				CLANG_WARN_DIRECT_OBJC_ISA_USAGE = YES_ERROR;
				CLANG_WARN_DOCUMENTATION_COMMENTS = YES;
				CLANG_WARN_EMPTY_BODY = YES;
				CLANG_WARN_ENUM_CONVERSION = YES;
				CLANG_WARN_INFINITE_RECURSION = YES;
				CLANG_WARN_INT_CONVERSION = YES;
				CLANG_WARN_NON_LITERAL_NULL_CONVERSION = YES;
				CLANG_WARN_OBJC_IMPLICIT_RETAIN_SELF = YES;
				CLANG_WARN_OBJC_LITERAL_CONVERSION = YES;
				CLANG_WARN_OBJC_ROOT_CLASS = YES_ERROR;
				CLANG_WARN_QUOTED_INCLUDE_IN_FRAMEWORK_HEADER = YES;
				CLANG_WARN_RANGE_LOOP_ANALYSIS = YES;
				CLANG_WARN_STRICT_PROTOTYPES = YES;
				CLANG_WARN_SUSPICIOUS_MOVE = YES;
				CLANG_WARN_UNGUARDED_AVAILABILITY = YES_AGGRESSIVE;
				CLANG_WARN_UNREACHABLE_CODE = YES;
				CLANG_WARN__DUPLICATE_METHOD_MATCH = YES;
				COPY_PHASE_STRIP = NO;
				DEAD_CODE_STRIPPING = YES;
				DEBUG_INFORMATION_FORMAT = dwarf;
				ENABLE_STRICT_OBJC_MSGSEND = YES;
				ENABLE_TESTABILITY = YES;
				ENABLE_USER_SCRIPT_SANDBOXING = YES;
				GCC_C_LANGUAGE_STANDARD = gnu17;
				GCC_DYNAMIC_NO_PIC = NO;
				GCC_NO_COMMON_BLOCKS = YES;
				GCC_OPTIMIZATION_LEVEL = 0;
				GCC_PREPROCESSOR_DEFINITIONS = (
					"DEBUG=1",
					"$(inherited)",
				);
				GCC_WARN_64_TO_32_BIT_CONVERSION = YES;
				GCC_WARN_ABOUT_RETURN_TYPE = YES_ERROR;
				GCC_WARN_UNDECLARED_SELECTOR = YES;
				GCC_WARN_UNINITIALIZED_AUTOS = YES_AGGRESSIVE;
				GCC_WARN_UNUSED_FUNCTION = YES;
				GCC_WARN_UNUSED_VARIABLE = YES;
				LOCALIZATION_PREFERS_STRING_CATALOGS = YES;
				MACOSX_DEPLOYMENT_TARGET = 14.0;
				MTL_ENABLE_DEBUG_INFO = INCLUDE_SOURCE;
				MTL_FAST_MATH = YES;
				ONLY_ACTIVE_ARCH = YES;
				SDKROOT = macosx;
				STRING_CATALOG_GENERATE_SYMBOLS = YES;
				SWIFT_ACTIVE_COMPILATION_CONDITIONS = "DEBUG $(inherited)";
				SWIFT_OPTIMIZATION_LEVEL = "-Onone";
			};
			name = Debug;
		};
		4A1234580002 /* Release */ = {
			isa = XCBuildConfiguration;
			buildSettings = {
				ALWAYS_SEARCH_USER_PATHS = NO;
				ASSETCATALOG_COMPILER_GENERATE_SWIFT_ASSET_SYMBOL_EXTENSIONS = YES;
				CLANG_ANALYZER_NONNULL = YES;
				CLANG_ANALYZER_NUMBER_OBJECT_CONVERSION = YES_AGGRESSIVE;
				CLANG_CXX_LANGUAGE_STANDARD = "gnu++20";
				CLANG_ENABLE_MODULES = YES;
				CLANG_ENABLE_OBJC_ARC = YES;
				CLANG_ENABLE_OBJC_WEAK = YES;
				CLANG_WARN_BLOCK_CAPTURE_AUTORELEASING = YES;
				CLANG_WARN_BOOL_CONVERSION = YES;
				CLANG_WARN_COMMA = YES;
				CLANG_WARN_CONSTANT_CONVERSION = YES;
				CLANG_WARN_DEPRECATED_OBJC_IMPLEMENTATIONS = YES;
				CLANG_WARN_DIRECT_OBJC_ISA_USAGE = YES_ERROR;
				CLANG_WARN_DOCUMENTATION_COMMENTS = YES;
				CLANG_WARN_EMPTY_BODY = YES;
				CLANG_WARN_ENUM_CONVERSION = YES;
				CLANG_WARN_INFINITE_RECURSION = YES;
				CLANG_WARN_INT_CONVERSION = YES;
				CLANG_WARN_NON_LITERAL_NULL_CONVERSION = YES;
				CLANG_WARN_OBJC_IMPLICIT_RETAIN_SELF = YES;
				CLANG_WARN_OBJC_LITERAL_CONVERSION = YES;
				CLANG_WARN_OBJC_ROOT_CLASS = YES_ERROR;
				CLANG_WARN_QUOTED_INCLUDE_IN_FRAMEWORK_HEADER = YES;
				CLANG_WARN_RANGE_LOOP_ANALYSIS = YES;
				CLANG_WARN_STRICT_PROTOTYPES = YES;
				CLANG_WARN_SUSPICIOUS_MOVE = YES;
				CLANG_WARN_UNGUARDED_AVAILABILITY = YES_AGGRESSIVE;
				CLANG_WARN_UNREACHABLE_CODE = YES;
				CLANG_WARN__DUPLICATE_METHOD_MATCH = YES;
				COPY_PHASE_STRIP = NO;
				DEAD_CODE_STRIPPING = YES;
				DEBUG_INFORMATION_FORMAT = "dwarf-with-dsym";
				ENABLE_NS_ASSERTIONS = NO;
				ENABLE_STRICT_OBJC_MSGSEND = YES;
				ENABLE_USER_SCRIPT_SANDBOXING = YES;
				GCC_C_LANGUAGE_STANDARD = gnu17;
				GCC_NO_COMMON_BLOCKS = YES;
				GCC_WARN_64_TO_32_BIT_CONVERSION = YES;
				GCC_WARN_ABOUT_RETURN_TYPE = YES_ERROR;
				GCC_WARN_UNDECLARED_SELECTOR = YES;
				GCC_WARN_UNINITIALIZED_AUTOS = YES_AGGRESSIVE;
				GCC_WARN_UNUSED_FUNCTION = YES;
				GCC_WARN_UNUSED_VARIABLE = YES;
				LOCALIZATION_PREFERS_STRING_CATALOGS = YES;
				MACOSX_DEPLOYMENT_TARGET = 14.0;
				MTL_ENABLE_DEBUG_INFO = NO;
				MTL_FAST_MATH = YES;
				SDKROOT = macosx;
				STRING_CATALOG_GENERATE_SYMBOLS = YES;
				SWIFT_COMPILATION_MODE = wholemodule;
			};
			name = Release;
		};
		4A1234580003 /* Debug */ = {
			isa = XCBuildConfiguration;
			buildSettings = {
				ASSETCATALOG_COMPILER_APPICON_NAME = AppIcon;
				ASSETCATALOG_COMPILER_GLOBAL_ACCENT_COLOR_NAME = AccentColor;
				CODE_SIGN_ENTITLEMENTS = rsync/rsync.entitlements;
				CODE_SIGN_STYLE = Automatic;
				COMBINE_HIDPI_IMAGES = YES;
				CURRENT_PROJECT_VERSION = 2;
				DEAD_CODE_STRIPPING = YES;
				DEVELOPMENT_TEAM = "";
				ENABLE_HARDENED_RUNTIME = YES;
				ENABLE_PREVIEWS = YES;
				GENERATE_INFOPLIST_FILE = NO;
				INFOPLIST_FILE = rsync/Info.plist;
				INFOPLIST_KEY_CFBundleDisplayName = rsync;
				INFOPLIST_KEY_LSApplicationCategoryType = "public.app-category.utilities";
				INFOPLIST_KEY_NSHumanReadableCopyright = "";
				LD_RUNPATH_SEARCH_PATHS = (
					"$(inherited)",
					"@executable_path/../Frameworks",
				);
				MARKETING_VERSION = 1.1.3;
				PRODUCT_BUNDLE_IDENTIFIER = com.saihgupr.rsync;
				PRODUCT_NAME = "$(TARGET_NAME)";
				SWIFT_EMIT_LOC_STRINGS = YES;
				SWIFT_VERSION = 5.0;
			};
			name = Debug;
		};
		4A1234580004 /* Release */ = {
			isa = XCBuildConfiguration;
			buildSettings = {
				ASSETCATALOG_COMPILER_APPICON_NAME = AppIcon;
				ASSETCATALOG_COMPILER_GLOBAL_ACCENT_COLOR_NAME = AccentColor;
				CODE_SIGN_ENTITLEMENTS = rsync/rsync.entitlements;
				CODE_SIGN_STYLE = Automatic;
				COMBINE_HIDPI_IMAGES = YES;
				CURRENT_PROJECT_VERSION = 2;
				DEAD_CODE_STRIPPING = YES;
				DEVELOPMENT_TEAM = "";
				ENABLE_HARDENED_RUNTIME = YES;
				ENABLE_PREVIEWS = YES;
				GENERATE_INFOPLIST_FILE = NO;
				INFOPLIST_FILE = rsync/Info.plist;
				INFOPLIST_KEY_CFBundleDisplayName = rsync;
				INFOPLIST_KEY_LSApplicationCategoryType = "public.app-category.utilities";
				INFOPLIST_KEY_NSHumanReadableCopyright = "";
				LD_RUNPATH_SEARCH_PATHS = (
					"$(inherited)",
					"@executable_path/../Frameworks",
				);
				MARKETING_VERSION = 1.1.3;
				PRODUCT_BUNDLE_IDENTIFIER = com.saihgupr.rsync;
				PRODUCT_NAME = "$(TARGET_NAME)";
				SWIFT_EMIT_LOC_STRINGS = YES;
				SWIFT_VERSION = 5.0;
			};
			name = Release;
		};
/* End XCBuildConfiguration section */

/* Begin XCConfigurationList section */
		4A1234570001 /* Build configuration list for PBXNativeTarget "rsync" */ = {
			isa = XCConfigurationList;
			buildConfigurations = (
				4A1234580003 /* Debug */,
				4A1234580004 /* Release */,
			);
			defaultConfigurationIsVisible = 0;
			defaultConfigurationName = Release;
		};
		4A1234570002 /* Build configuration list for PBXProject "rsync" */ = {
			isa = XCConfigurationList;
			buildConfigurations = (
				4A1234580001 /* Debug */,
				4A1234580002 /* Release */,
			);
			defaultConfigurationIsVisible = 0;
			defaultConfigurationName = Release;
		};
/* End XCConfigurationList section */
	};
	rootObject = 4A1234500001 /* Project object */;
}
